
Microsoft Visual Studio Solution File, Format Version 12.00
# Visual Studio Version 17
VisualStudioVersion = 17.8.34525.116
MinimumVisualStudioVersion = 10.0.40219.1
Project("{FAE04EC0-301F-11D3-BF4B-00C04F79EFBC}") = "ScreenSound", "ScreenSound.csproj", "{EA86484C-BCB9-46C8-A2B3-E13B3CFD9E87}"
EndProject
Global
	GlobalSection(SolutionConfigurationPlatforms) = preSolution
		Debug|Any CPU = Debug|Any CPU
		Release|Any CPU = Release|Any CPU
	EndGlobalSection
	GlobalSection(ProjectConfigurationPlatforms) = postSolution
		{EA86484C-BCB9-46C8-A2B3-E13B3CFD9E87}.Debug|Any CPU.ActiveCfg = Debug|Any CPU
		{EA86484C-BCB9-46C8-A2B3-E13B3CFD9E87}.Debug|Any CPU.Build.0 = Debug|Any CPU
		{EA86484C-BCB9-46C8-A2B3-E13B3CFD9E87}.Release|Any CPU.ActiveCfg = Release|Any CPU
		{EA86484C-BCB9-46C8-A2B3-E13B3CFD9E87}.Release|Any CPU.Build.0 = Release|Any CPU
	EndGlobalSection
	GlobalSection(SolutionProperties) = preSolution
		HideSolutionNode = FALSE
	EndGlobalSection
	GlobalSection(ExtensibilityGlobals) = postSolution
		SolutionGuid = {FC642F0B-DA30-4C6E-A8A4-279532BFDCA2}
	EndGlobalSection
EndGlobal
