
Microsoft Visual Studio Solution File, Format Version 12.00
# Visual Studio Version 17
VisualStudioVersion = 17.8.34525.116
MinimumVisualStudioVersion = 10.0.40219.1
Project("{FAE04EC0-301F-11D3-BF4B-00C04F79EFBC}") = "AluraC#Testes", "AluraC#Testes.csproj", "{185E30D5-48AF-45F3-9A34-D553AF015B96}"
EndProject
Global
	GlobalSection(SolutionConfigurationPlatforms) = preSolution
		Debug|Any CPU = Debug|Any CPU
		Release|Any CPU = Release|Any CPU
	EndGlobalSection
	GlobalSection(ProjectConfigurationPlatforms) = postSolution
		{185E30D5-48AF-45F3-9A34-D553AF015B96}.Debug|Any CPU.ActiveCfg = Debug|Any CPU
		{185E30D5-48AF-45F3-9A34-D553AF015B96}.Debug|Any CPU.Build.0 = Debug|Any CPU
		{185E30D5-48AF-45F3-9A34-D553AF015B96}.Release|Any CPU.ActiveCfg = Release|Any CPU
		{185E30D5-48AF-45F3-9A34-D553AF015B96}.Release|Any CPU.Build.0 = Release|Any CPU
	EndGlobalSection
	GlobalSection(SolutionProperties) = preSolution
		HideSolutionNode = FALSE
	EndGlobalSection
	GlobalSection(ExtensibilityGlobals) = postSolution
		SolutionGuid = {1924EB54-474D-4455-A377-97C75C6562A2}
	EndGlobalSection
EndGlobal
